
Microsoft Visual Studio Solution File, Format Version 12.00
# Visual Studio 14
VisualStudioVersion = 14.0.25420.1
MinimumVisualStudioVersion = 10.0.40219.1
Project("{FAE04EC0-301F-11D3-BF4B-00C04F79EFBC}") = "Universityty", "Universityty\Universityty.csproj", "{B6F31C17-5867-4F07-AEDF-BF6D85716D94}"
EndProject
Project("{FAE04EC0-301F-11D3-BF4B-00C04F79EFBC}") = "Registryry", "Registryry\Registryry.csproj", "{36B62B29-1ED4-4B83-BD88-154BD3EEDED1}"
EndProject
Project("{FAE04EC0-301F-11D3-BF4B-00C04F79EFBC}") = "TestDbCon", "TestDbCon\TestDbCon.csproj", "{C4800966-2330-4E42-9AD6-4A59196B2985}"
EndProject
Global
	GlobalSection(SolutionConfigurationPlatforms) = preSolution
		Debug|Any CPU = Debug|Any CPU
		Release|Any CPU = Release|Any CPU
	EndGlobalSection
	GlobalSection(ProjectConfigurationPlatforms) = postSolution
		{B6F31C17-5867-4F07-AEDF-BF6D85716D94}.Debug|Any CPU.ActiveCfg = Debug|Any CPU
		{B6F31C17-5867-4F07-AEDF-BF6D85716D94}.Debug|Any CPU.Build.0 = Debug|Any CPU
		{B6F31C17-5867-4F07-AEDF-BF6D85716D94}.Release|Any CPU.ActiveCfg = Release|Any CPU
		{B6F31C17-5867-4F07-AEDF-BF6D85716D94}.Release|Any CPU.Build.0 = Release|Any CPU
		{36B62B29-1ED4-4B83-BD88-154BD3EEDED1}.Debug|Any CPU.ActiveCfg = Debug|Any CPU
		{36B62B29-1ED4-4B83-BD88-154BD3EEDED1}.Debug|Any CPU.Build.0 = Debug|Any CPU
		{36B62B29-1ED4-4B83-BD88-154BD3EEDED1}.Release|Any CPU.ActiveCfg = Release|Any CPU
		{36B62B29-1ED4-4B83-BD88-154BD3EEDED1}.Release|Any CPU.Build.0 = Release|Any CPU
		{C4800966-2330-4E42-9AD6-4A59196B2985}.Debug|Any CPU.ActiveCfg = Debug|Any CPU
		{C4800966-2330-4E42-9AD6-4A59196B2985}.Debug|Any CPU.Build.0 = Debug|Any CPU
		{C4800966-2330-4E42-9AD6-4A59196B2985}.Release|Any CPU.ActiveCfg = Release|Any CPU
		{C4800966-2330-4E42-9AD6-4A59196B2985}.Release|Any CPU.Build.0 = Release|Any CPU
	EndGlobalSection
	GlobalSection(SolutionProperties) = preSolution
		HideSolutionNode = FALSE
	EndGlobalSection
EndGlobal
